
Microsoft Visual Studio Solution File, Format Version 12.00
# Visual Studio 15
VisualStudioVersion = 15.0.28307.421
MinimumVisualStudioVersion = 10.0.40219.1
Project("{FAE04EC0-301F-11D3-BF4B-00C04F79EFBC}") = "P21.Extensions.Examples", "P21.Extensions.Examples\P21.Extensions.Examples.csproj", "{10132112-D0CD-4ACC-A960-98C2677960EE}"
EndProject
Global
	GlobalSection(SolutionConfigurationPlatforms) = preSolution
		Debug|Any CPU = Debug|Any CPU
		Release|Any CPU = Release|Any CPU
	EndGlobalSection
	GlobalSection(ProjectConfigurationPlatforms) = postSolution
		{10132112-D0CD-4ACC-A960-98C2677960EE}.Debug|Any CPU.ActiveCfg = Debug|Any CPU
		{10132112-D0CD-4ACC-A960-98C2677960EE}.Debug|Any CPU.Build.0 = Debug|Any CPU
		{10132112-D0CD-4ACC-A960-98C2677960EE}.Release|Any CPU.ActiveCfg = Release|Any CPU
		{10132112-D0CD-4ACC-A960-98C2677960EE}.Release|Any CPU.Build.0 = Release|Any CPU
	EndGlobalSection
	GlobalSection(SolutionProperties) = preSolution
		HideSolutionNode = FALSE
	EndGlobalSection
	GlobalSection(ExtensibilityGlobals) = postSolution
		SolutionGuid = {072A4978-51A1-4062-8BCF-23E341002A57}
	EndGlobalSection
EndGlobal
